
Microsoft Visual Studio Solution File, Format Version 12.00
# Visual Studio Version 17
VisualStudioVersion = 17.9.34902.65
MinimumVisualStudioVersion = 10.0.40219.1
Project("{9A19103F-16F7-4668-BE54-9A1E7A4F7556}") = "TgBot_librarian", "TgBot_librarian.csproj", "{80228A5E-066B-42CF-8836-79F77C19ACDC}"
EndProject
Global
	GlobalSection(SolutionConfigurationPlatforms) = preSolution
		Debug|Any CPU = Debug|Any CPU
		Release|Any CPU = Release|Any CPU
	EndGlobalSection
	GlobalSection(ProjectConfigurationPlatforms) = postSolution
		{80228A5E-066B-42CF-8836-79F77C19ACDC}.Debug|Any CPU.ActiveCfg = Debug|Any CPU
		{80228A5E-066B-42CF-8836-79F77C19ACDC}.Debug|Any CPU.Build.0 = Debug|Any CPU
		{80228A5E-066B-42CF-8836-79F77C19ACDC}.Release|Any CPU.ActiveCfg = Release|Any CPU
		{80228A5E-066B-42CF-8836-79F77C19ACDC}.Release|Any CPU.Build.0 = Release|Any CPU
	EndGlobalSection
	GlobalSection(SolutionProperties) = preSolution
		HideSolutionNode = FALSE
	EndGlobalSection
	GlobalSection(ExtensibilityGlobals) = postSolution
		SolutionGuid = {98B5260C-ED75-4C05-8E76-707233BE8E8E}
	EndGlobalSection
EndGlobal
